// !$*UTF8*$!
{
	archiveVersion = 1;
	classes = {
	};
	objectVersion = 46;
	objects = {

/* Begin PBXBuildFile section */
		299254C11AEC39B100EA7D1D /* MemeCollectionCell.swift in Sources */ = {isa = PBXBuildFile; fileRef = 299254BF1AEC39B100EA7D1D /* MemeCollectionCell.swift */; };
		299254C21AEC39B100EA7D1D /* MemeCollectionCell.xib in Resources */ = {isa = PBXBuildFile; fileRef = 299254C01AEC39B100EA7D1D /* MemeCollectionCell.xib */; };
		299254C61AECFDF900EA7D1D /* MemeViewController.swift in Sources */ = {isa = PBXBuildFile; fileRef = 299254C51AECFDF900EA7D1D /* MemeViewController.swift */; };
		29FEEE6C1AE932CB00FF26FF /* AppDelegate.swift in Sources */ = {isa = PBXBuildFile; fileRef = 29FEEE6B1AE932CB00FF26FF /* AppDelegate.swift */; };
		29FEEE6E1AE932CB00FF26FF /* MemeEditorViewController.swift in Sources */ = {isa = PBXBuildFile; fileRef = 29FEEE6D1AE932CB00FF26FF /* MemeEditorViewController.swift */; };
		29FEEE711AE932CB00FF26FF /* Main.storyboard in Resources */ = {isa = PBXBuildFile; fileRef = 29FEEE6F1AE932CB00FF26FF /* Main.storyboard */; };
		29FEEE731AE932CB00FF26FF /* Images.xcassets in Resources */ = {isa = PBXBuildFile; fileRef = 29FEEE721AE932CB00FF26FF /* Images.xcassets */; };
		29FEEE761AE932CB00FF26FF /* LaunchScreen.xib in Resources */ = {isa = PBXBuildFile; fileRef = 29FEEE741AE932CB00FF26FF /* LaunchScreen.xib */; };
		29FEEE821AE932CB00FF26FF /* MemeMeTests.swift in Sources */ = {isa = PBXBuildFile; fileRef = 29FEEE811AE932CB00FF26FF /* MemeMeTests.swift */; };
		29FEEE8E1AE994DD00FF26FF /* MemeTextFieldDelegate.swift in Sources */ = {isa = PBXBuildFile; fileRef = 29FEEE8D1AE994DD00FF26FF /* MemeTextFieldDelegate.swift */; };
		29FEEE901AE9A8F400FF26FF /* memeModel.swift in Sources */ = {isa = PBXBuildFile; fileRef = 29FEEE8F1AE9A8F400FF26FF /* memeModel.swift */; };
		29FEEE921AEAECEC00FF26FF /* MemeTableViewController.swift in Sources */ = {isa = PBXBuildFile; fileRef = 29FEEE911AEAECEC00FF26FF /* MemeTableViewController.swift */; };
		29FEEE941AEAED1000FF26FF /* MemeCollectionViewController.swift in Sources */ = {isa = PBXBuildFile; fileRef = 29FEEE931AEAED1000FF26FF /* MemeCollectionViewController.swift */; };
		29FEEE961AEB228D00FF26FF /* MemeDetailViewController.swift in Sources */ = {isa = PBXBuildFile; fileRef = 29FEEE951AEB228D00FF26FF /* MemeDetailViewController.swift */; };
/* End PBXBuildFile section */

/* Begin PBXContainerItemProxy section */
		29FEEE7C1AE932CB00FF26FF /* PBXContainerItemProxy */ = {
			isa = PBXContainerItemProxy;
			containerPortal = 29FEEE5E1AE932CA00FF26FF /* Project object */;
			proxyType = 1;
			remoteGlobalIDString = 29FEEE651AE932CA00FF26FF;
			remoteInfo = MemeMe;
		};
/* End PBXContainerItemProxy section */

/* Begin PBXFileReference section */
		299254BF1AEC39B100EA7D1D /* MemeCollectionCell.swift */ = {isa = PBXFileReference; fileEncoding = 4; lastKnownFileType = sourcecode.swift; path = MemeCollectionCell.swift; sourceTree = "<group>"; };
		299254C01AEC39B100EA7D1D /* MemeCollectionCell.xib */ = {isa = PBXFileReference; fileEncoding = 4; lastKnownFileType = file.xib; path = MemeCollectionCell.xib; sourceTree = "<group>"; };
		299254C51AECFDF900EA7D1D /* MemeViewController.swift */ = {isa = PBXFileReference; fileEncoding = 4; lastKnownFileType = sourcecode.swift; path = MemeViewController.swift; sourceTree = "<group>"; };
		29FEEE661AE932CA00FF26FF /* MemeMe.app */ = {isa = PBXFileReference; explicitFileType = wrapper.application; includeInIndex = 0; path = MemeMe.app; sourceTree = BUILT_PRODUCTS_DIR; };
		29FEEE6A1AE932CA00FF26FF /* Info.plist */ = {isa = PBXFileReference; lastKnownFileType = text.plist.xml; path = Info.plist; sourceTree = "<group>"; };
		29FEEE6B1AE932CB00FF26FF /* AppDelegate.swift */ = {isa = PBXFileReference; lastKnownFileType = sourcecode.swift; path = AppDelegate.swift; sourceTree = "<group>"; };
		29FEEE6D1AE932CB00FF26FF /* MemeEditorViewController.swift */ = {isa = PBXFileReference; lastKnownFileType = sourcecode.swift; path = MemeEditorViewController.swift; sourceTree = "<group>"; };
		29FEEE701AE932CB00FF26FF /* Base */ = {isa = PBXFileReference; lastKnownFileType = file.storyboard; name = Base; path = Base.lproj/Main.storyboard; sourceTree = "<group>"; };
		29FEEE721AE932CB00FF26FF /* Images.xcassets */ = {isa = PBXFileReference; lastKnownFileType = folder.assetcatalog; path = Images.xcassets; sourceTree = "<group>"; };
		29FEEE751AE932CB00FF26FF /* Base */ = {isa = PBXFileReference; lastKnownFileType = file.xib; name = Base; path = Base.lproj/LaunchScreen.xib; sourceTree = "<group>"; };
		29FEEE7B1AE932CB00FF26FF /* MemeMeTests.xctest */ = {isa = PBXFileReference; explicitFileType = wrapper.cfbundle; includeInIndex = 0; path = MemeMeTests.xctest; sourceTree = BUILT_PRODUCTS_DIR; };
		29FEEE801AE932CB00FF26FF /* Info.plist */ = {isa = PBXFileReference; lastKnownFileType = text.plist.xml; path = Info.plist; sourceTree = "<group>"; };
		29FEEE811AE932CB00FF26FF /* MemeMeTests.swift */ = {isa = PBXFileReference; lastKnownFileType = sourcecode.swift; path = MemeMeTests.swift; sourceTree = "<group>"; };
		29FEEE8D1AE994DD00FF26FF /* MemeTextFieldDelegate.swift */ = {isa = PBXFileReference; fileEncoding = 4; lastKnownFileType = sourcecode.swift; path = MemeTextFieldDelegate.swift; sourceTree = "<group>"; };
		29FEEE8F1AE9A8F400FF26FF /* memeModel.swift */ = {isa = PBXFileReference; fileEncoding = 4; lastKnownFileType = sourcecode.swift; path = memeModel.swift; sourceTree = "<group>"; };
		29FEEE911AEAECEC00FF26FF /* MemeTableViewController.swift */ = {isa = PBXFileReference; fileEncoding = 4; lastKnownFileType = sourcecode.swift; path = MemeTableViewController.swift; sourceTree = "<group>"; };
		29FEEE931AEAED1000FF26FF /* MemeCollectionViewController.swift */ = {isa = PBXFileReference; fileEncoding = 4; lastKnownFileType = sourcecode.swift; path = MemeCollectionViewController.swift; sourceTree = "<group>"; };
		29FEEE951AEB228D00FF26FF /* MemeDetailViewController.swift */ = {isa = PBXFileReference; fileEncoding = 4; lastKnownFileType = sourcecode.swift; path = MemeDetailViewController.swift; sourceTree = "<group>"; };
/* End PBXFileReference section */

/* Begin PBXFrameworksBuildPhase section */
		29FEEE631AE932CA00FF26FF /* Frameworks */ = {
			isa = PBXFrameworksBuildPhase;
			buildActionMask = 2147483647;
			files = (
			);
			runOnlyForDeploymentPostprocessing = 0;
		};
		29FEEE781AE932CB00FF26FF /* Frameworks */ = {
			isa = PBXFrameworksBuildPhase;
			buildActionMask = 2147483647;
			files = (
			);
			runOnlyForDeploymentPostprocessing = 0;
		};
/* End PBXFrameworksBuildPhase section */

/* Begin PBXGroup section */
		29FEEE5D1AE932CA00FF26FF = {
			isa = PBXGroup;
			children = (
				29FEEE681AE932CA00FF26FF /* MemeMe */,
				29FEEE7E1AE932CB00FF26FF /* MemeMeTests */,
				29FEEE671AE932CA00FF26FF /* Products */,
			);
			sourceTree = "<group>";
		};
		29FEEE671AE932CA00FF26FF /* Products */ = {
			isa = PBXGroup;
			children = (
				29FEEE661AE932CA00FF26FF /* MemeMe.app */,
				29FEEE7B1AE932CB00FF26FF /* MemeMeTests.xctest */,
			);
			name = Products;
			sourceTree = "<group>";
		};
		29FEEE681AE932CA00FF26FF /* MemeMe */ = {
			isa = PBXGroup;
			children = (
				29FEEE6B1AE932CB00FF26FF /* AppDelegate.swift */,
				299254C51AECFDF900EA7D1D /* MemeViewController.swift */,
				29FEEE6D1AE932CB00FF26FF /* MemeEditorViewController.swift */,
				29FEEE931AEAED1000FF26FF /* MemeCollectionViewController.swift */,
				29FEEE911AEAECEC00FF26FF /* MemeTableViewController.swift */,
				29FEEE951AEB228D00FF26FF /* MemeDetailViewController.swift */,
				29FEEE8D1AE994DD00FF26FF /* MemeTextFieldDelegate.swift */,
				29FEEE6F1AE932CB00FF26FF /* Main.storyboard */,
				29FEEE721AE932CB00FF26FF /* Images.xcassets */,
				29FEEE741AE932CB00FF26FF /* LaunchScreen.xib */,
				29FEEE691AE932CA00FF26FF /* Supporting Files */,
				29FEEE8F1AE9A8F400FF26FF /* memeModel.swift */,
				299254BF1AEC39B100EA7D1D /* MemeCollectionCell.swift */,
				299254C01AEC39B100EA7D1D /* MemeCollectionCell.xib */,
			);
			path = MemeMe;
			sourceTree = "<group>";
		};
		29FEEE691AE932CA00FF26FF /* Supporting Files */ = {
			isa = PBXGroup;
			children = (
				29FEEE6A1AE932CA00FF26FF /* Info.plist */,
			);
			name = "Supporting Files";
			sourceTree = "<group>";
		};
		29FEEE7E1AE932CB00FF26FF /* MemeMeTests */ = {
			isa = PBXGroup;
			children = (
				29FEEE811AE932CB00FF26FF /* MemeMeTests.swift */,
				29FEEE7F1AE932CB00FF26FF /* Supporting Files */,
			);
			path = MemeMeTests;
			sourceTree = "<group>";
		};
		29FEEE7F1AE932CB00FF26FF /* Supporting Files */ = {
			isa = PBXGroup;
			children = (
				29FEEE801AE932CB00FF26FF /* Info.plist */,
			);
			name = "Supporting Files";
			sourceTree = "<group>";
		};
/* End PBXGroup section */

/* Begin PBXNativeTarget section */
		29FEEE651AE932CA00FF26FF /* MemeMe */ = {
			isa = PBXNativeTarget;
			buildConfigurationList = 29FEEE851AE932CB00FF26FF /* Build configuration list for PBXNativeTarget "MemeMe" */;
			buildPhases = (
				29FEEE621AE932CA00FF26FF /* Sources */,
				29FEEE631AE932CA00FF26FF /* Frameworks */,
				29FEEE641AE932CA00FF26FF /* Resources */,
			);
			buildRules = (
			);
			dependencies = (
			);
			name = MemeMe;
			productName = MemeMe;
			productReference = 29FEEE661AE932CA00FF26FF /* MemeMe.app */;
			productType = "com.apple.product-type.application";
		};
		29FEEE7A1AE932CB00FF26FF /* MemeMeTests */ = {
			isa = PBXNativeTarget;
			buildConfigurationList = 29FEEE881AE932CB00FF26FF /* Build configuration list for PBXNativeTarget "MemeMeTests" */;
			buildPhases = (
				29FEEE771AE932CB00FF26FF /* Sources */,
				29FEEE781AE932CB00FF26FF /* Frameworks */,
				29FEEE791AE932CB00FF26FF /* Resources */,
			);
			buildRules = (
			);
			dependencies = (
				29FEEE7D1AE932CB00FF26FF /* PBXTargetDependency */,
			);
			name = MemeMeTests;
			productName = MemeMeTests;
			productReference = 29FEEE7B1AE932CB00FF26FF /* MemeMeTests.xctest */;
			productType = "com.apple.product-type.bundle.unit-test";
		};
/* End PBXNativeTarget section */

/* Begin PBXProject section */
		29FEEE5E1AE932CA00FF26FF /* Project object */ = {
			isa = PBXProject;
			attributes = {
				LastUpgradeCheck = 0630;
				ORGANIZATIONNAME = Socdesign;
				TargetAttributes = {
					29FEEE651AE932CA00FF26FF = {
						CreatedOnToolsVersion = 6.3;
					};
					29FEEE7A1AE932CB00FF26FF = {
						CreatedOnToolsVersion = 6.3;
						TestTargetID = 29FEEE651AE932CA00FF26FF;
					};
				};
			};
			buildConfigurationList = 29FEEE611AE932CA00FF26FF /* Build configuration list for PBXProject "MemeMe" */;
			compatibilityVersion = "Xcode 3.2";
			developmentRegion = English;
			hasScannedForEncodings = 0;
			knownRegions = (
				en,
				Base,
			);
			mainGroup = 29FEEE5D1AE932CA00FF26FF;
			productRefGroup = 29FEEE671AE932CA00FF26FF /* Products */;
			projectDirPath = "";
			projectRoot = "";
			targets = (
				29FEEE651AE932CA00FF26FF /* MemeMe */,
				29FEEE7A1AE932CB00FF26FF /* MemeMeTests */,
			);
		};
/* End PBXProject section */

/* Begin PBXResourcesBuildPhase section */
		29FEEE641AE932CA00FF26FF /* Resources */ = {
			isa = PBXResourcesBuildPhase;
			buildActionMask = 2147483647;
			files = (
				29FEEE711AE932CB00FF26FF /* Main.storyboard in Resources */,
				29FEEE761AE932CB00FF26FF /* LaunchScreen.xib in Resources */,
				29FEEE731AE932CB00FF26FF /* Images.xcassets in Resources */,
				299254C21AEC39B100EA7D1D /* MemeCollectionCell.xib in Resources */,
			);
			runOnlyForDeploymentPostprocessing = 0;
		};
		29FEEE791AE932CB00FF26FF /* Resources */ = {
			isa = PBXResourcesBuildPhase;
			buildActionMask = 2147483647;
			files = (
			);
			runOnlyForDeploymentPostprocessing = 0;
		};
/* End PBXResourcesBuildPhase section */

/* Begin PBXSourcesBuildPhase section */
		29FEEE621AE932CA00FF26FF /* Sources */ = {
			isa = PBXSourcesBuildPhase;
			buildActionMask = 2147483647;
			files = (
				299254C61AECFDF900EA7D1D /* MemeViewController.swift in Sources */,
				29FEEE8E1AE994DD00FF26FF /* MemeTextFieldDelegate.swift in Sources */,
				29FEEE6E1AE932CB00FF26FF /* MemeEditorViewController.swift in Sources */,
				29FEEE6C1AE932CB00FF26FF /* AppDelegate.swift in Sources */,
				299254C11AEC39B100EA7D1D /* MemeCollectionCell.swift in Sources */,
				29FEEE921AEAECEC00FF26FF /* MemeTableViewController.swift in Sources */,
				29FEEE961AEB228D00FF26FF /* MemeDetailViewController.swift in Sources */,
				29FEEE941AEAED1000FF26FF /* MemeCollectionViewController.swift in Sources */,
				29FEEE901AE9A8F400FF26FF /* memeModel.swift in Sources */,
			);
			runOnlyForDeploymentPostprocessing = 0;
		};
		29FEEE771AE932CB00FF26FF /* Sources */ = {
			isa = PBXSourcesBuildPhase;
			buildActionMask = 2147483647;
			files = (
				29FEEE821AE932CB00FF26FF /* MemeMeTests.swift in Sources */,
			);
			runOnlyForDeploymentPostprocessing = 0;
		};
/* End PBXSourcesBuildPhase section */

/* Begin PBXTargetDependency section */
		29FEEE7D1AE932CB00FF26FF /* PBXTargetDependency */ = {
			isa = PBXTargetDependency;
			target = 29FEEE651AE932CA00FF26FF /* MemeMe */;
			targetProxy = 29FEEE7C1AE932CB00FF26FF /* PBXContainerItemProxy */;
		};
/* End PBXTargetDependency section */

/* Begin PBXVariantGroup section */
		29FEEE6F1AE932CB00FF26FF /* Main.storyboard */ = {
			isa = PBXVariantGroup;
			children = (
				29FEEE701AE932CB00FF26FF /* Base */,
			);
			name = Main.storyboard;
			sourceTree = "<group>";
		};
		29FEEE741AE932CB00FF26FF /* LaunchScreen.xib */ = {
			isa = PBXVariantGroup;
			children = (
				29FEEE751AE932CB00FF26FF /* Base */,
			);
			name = LaunchScreen.xib;
			sourceTree = "<group>";
		};
/* End PBXVariantGroup section */

/* Begin XCBuildConfiguration section */
		29FEEE831AE932CB00FF26FF /* Debug */ = {
			isa = XCBuildConfiguration;
			buildSettings = {
				ALWAYS_SEARCH_USER_PATHS = NO;
				CLANG_CXX_LANGUAGE_STANDARD = "gnu++0x";
				CLANG_CXX_LIBRARY = "libc++";
				CLANG_ENABLE_MODULES = YES;
				CLANG_ENABLE_OBJC_ARC = YES;
				CLANG_WARN_BOOL_CONVERSION = YES;
				CLANG_WARN_CONSTANT_CONVERSION = YES;
				CLANG_WARN_DIRECT_OBJC_ISA_USAGE = YES_ERROR;
				CLANG_WARN_EMPTY_BODY = YES;
				CLANG_WARN_ENUM_CONVERSION = YES;
				CLANG_WARN_INT_CONVERSION = YES;
				CLANG_WARN_OBJC_ROOT_CLASS = YES_ERROR;
				CLANG_WARN_UNREACHABLE_CODE = YES;
				CLANG_WARN__DUPLICATE_METHOD_MATCH = YES;
				"CODE_SIGN_IDENTITY[sdk=iphoneos*]" = "iPhone Developer";
				COPY_PHASE_STRIP = NO;
				DEBUG_INFORMATION_FORMAT = "dwarf-with-dsym";
				ENABLE_STRICT_OBJC_MSGSEND = YES;
				GCC_C_LANGUAGE_STANDARD = gnu99;
				GCC_DYNAMIC_NO_PIC = NO;
				GCC_NO_COMMON_BLOCKS = YES;
				GCC_OPTIMIZATION_LEVEL = 0;
				GCC_PREPROCESSOR_DEFINITIONS = (
					"DEBUG=1",
					"$(inherited)",
				);
				GCC_SYMBOLS_PRIVATE_EXTERN = NO;
				GCC_WARN_64_TO_32_BIT_CONVERSION = YES;
				GCC_WARN_ABOUT_RETURN_TYPE = YES_ERROR;
				GCC_WARN_UNDECLARED_SELECTOR = YES;
				GCC_WARN_UNINITIALIZED_AUTOS = YES_AGGRESSIVE;
				GCC_WARN_UNUSED_FUNCTION = YES;
				GCC_WARN_UNUSED_VARIABLE = YES;
				IPHONEOS_DEPLOYMENT_TARGET = 8.3;
				MTL_ENABLE_DEBUG_INFO = YES;
				ONLY_ACTIVE_ARCH = YES;
				SDKROOT = iphoneos;
				SWIFT_OPTIMIZATION_LEVEL = "-Onone";
			};
			name = Debug;
		};
		29FEEE841AE932CB00FF26FF /* Release */ = {
			isa = XCBuildConfiguration;
			buildSettings = {
				ALWAYS_SEARCH_USER_PATHS = NO;
				CLANG_CXX_LANGUAGE_STANDARD = "gnu++0x";
				CLANG_CXX_LIBRARY = "libc++";
				CLANG_ENABLE_MODULES = YES;
				CLANG_ENABLE_OBJC_ARC = YES;
				CLANG_WARN_BOOL_CONVERSION = YES;
				CLANG_WARN_CONSTANT_CONVERSION = YES;
				CLANG_WARN_DIRECT_OBJC_ISA_USAGE = YES_ERROR;
				CLANG_WARN_EMPTY_BODY = YES;
				CLANG_WARN_ENUM_CONVERSION = YES;
				CLANG_WARN_INT_CONVERSION = YES;
				CLANG_WARN_OBJC_ROOT_CLASS = YES_ERROR;
				CLANG_WARN_UNREACHABLE_CODE = YES;
				CLANG_WARN__DUPLICATE_METHOD_MATCH = YES;
				"CODE_SIGN_IDENTITY[sdk=iphoneos*]" = "iPhone Developer";
				COPY_PHASE_STRIP = NO;
				DEBUG_INFORMATION_FORMAT = "dwarf-with-dsym";
				ENABLE_NS_ASSERTIONS = NO;
				ENABLE_STRICT_OBJC_MSGSEND = YES;
				GCC_C_LANGUAGE_STANDARD = gnu99;
				GCC_NO_COMMON_BLOCKS = YES;
				GCC_WARN_64_TO_32_BIT_CONVERSION = YES;
				GCC_WARN_ABOUT_RETURN_TYPE = YES_ERROR;
				GCC_WARN_UNDECLARED_SELECTOR = YES;
				GCC_WARN_UNINITIALIZED_AUTOS = YES_AGGRESSIVE;
				GCC_WARN_UNUSED_FUNCTION = YES;
				GCC_WARN_UNUSED_VARIABLE = YES;
				IPHONEOS_DEPLOYMENT_TARGET = 8.3;
				MTL_ENABLE_DEBUG_INFO = NO;
				SDKROOT = iphoneos;
				VALIDATE_PRODUCT = YES;
			};
			name = Release;
		};
		29FEEE861AE932CB00FF26FF /* Debug */ = {
			isa = XCBuildConfiguration;
			buildSettings = {
				ASSETCATALOG_COMPILER_APPICON_NAME = AppIcon;
				INFOPLIST_FILE = MemeMe/Info.plist;
				LD_RUNPATH_SEARCH_PATHS = "$(inherited) @executable_path/Frameworks";
				PRODUCT_NAME = "$(TARGET_NAME)";
			};
			name = Debug;
		};
		29FEEE871AE932CB00FF26FF /* Release */ = {
			isa = XCBuildConfiguration;
			buildSettings = {
				ASSETCATALOG_COMPILER_APPICON_NAME = AppIcon;
				INFOPLIST_FILE = MemeMe/Info.plist;
				LD_RUNPATH_SEARCH_PATHS = "$(inherited) @executable_path/Frameworks";
				PRODUCT_NAME = "$(TARGET_NAME)";
			};
			name = Release;
		};
		29FEEE891AE932CB00FF26FF /* Debug */ = {
			isa = XCBuildConfiguration;
			buildSettings = {
				BUNDLE_LOADER = "$(TEST_HOST)";
				FRAMEWORK_SEARCH_PATHS = (
					"$(SDKROOT)/Developer/Library/Frameworks",
					"$(inherited)",
				);
				GCC_PREPROCESSOR_DEFINITIONS = (
					"DEBUG=1",
					"$(inherited)",
				);
				INFOPLIST_FILE = MemeMeTests/Info.plist;
				LD_RUNPATH_SEARCH_PATHS = "$(inherited) @executable_path/Frameworks @loader_path/Frameworks";
				PRODUCT_NAME = "$(TARGET_NAME)";
				TEST_HOST = "$(BUILT_PRODUCTS_DIR)/MemeMe.app/MemeMe";
			};
			name = Debug;
		};
		29FEEE8A1AE932CB00FF26FF /* Release */ = {
			isa = XCBuildConfiguration;
			buildSettings = {
				BUNDLE_LOADER = "$(TEST_HOST)";
				FRAMEWORK_SEARCH_PATHS = (
					"$(SDKROOT)/Developer/Library/Frameworks",
					"$(inherited)",
				);
				INFOPLIST_FILE = MemeMeTests/Info.plist;
				LD_RUNPATH_SEARCH_PATHS = "$(inherited) @executable_path/Frameworks @loader_path/Frameworks";
				PRODUCT_NAME = "$(TARGET_NAME)";
				TEST_HOST = "$(BUILT_PRODUCTS_DIR)/MemeMe.app/MemeMe";
			};
			name = Release;
		};
/* End XCBuildConfiguration section */

/* Begin XCConfigurationList section */
		29FEEE611AE932CA00FF26FF /* Build configuration list for PBXProject "MemeMe" */ = {
			isa = XCConfigurationList;
			buildConfigurations = (
				29FEEE831AE932CB00FF26FF /* Debug */,
				29FEEE841AE932CB00FF26FF /* Release */,
			);
			defaultConfigurationIsVisible = 0;
			defaultConfigurationName = Release;
		};
		29FEEE851AE932CB00FF26FF /* Build configuration list for PBXNativeTarget "MemeMe" */ = {
			isa = XCConfigurationList;
			buildConfigurations = (
				29FEEE861AE932CB00FF26FF /* Debug */,
				29FEEE871AE932CB00FF26FF /* Release */,
			);
			defaultConfigurationIsVisible = 0;
			defaultConfigurationName = Release;
		};
		29FEEE881AE932CB00FF26FF /* Build configuration list for PBXNativeTarget "MemeMeTests" */ = {
			isa = XCConfigurationList;
			buildConfigurations = (
				29FEEE891AE932CB00FF26FF /* Debug */,
				29FEEE8A1AE932CB00FF26FF /* Release */,
			);
			defaultConfigurationIsVisible = 0;
			defaultConfigurationName = Release;
		};
/* End XCConfigurationList section */
	};
	rootObject = 29FEEE5E1AE932CA00FF26FF /* Project object */;
}
